
Microsoft Visual Studio Solution File, Format Version 12.00
# Visual Studio 14
VisualStudioVersion = 14.0.25420.1
MinimumVisualStudioVersion = 10.0.40219.1
Project("{FAE04EC0-301F-11D3-BF4B-00C04F79EFBC}") = "KFPublicAccount", "PublicAccount\KFPublicAccount.csproj", "{EFA87A16-41AE-48BF-AF6D-BFF6EF92B093}"
EndProject
Project("{FAE04EC0-301F-11D3-BF4B-00C04F79EFBC}") = "KFPublicLibrary", "PublicLibrary\KFPublicLibrary.csproj", "{5706431F-714B-4B4A-8AE0-249B088BBBB2}"
EndProject
Project("{FAE04EC0-301F-11D3-BF4B-00C04F79EFBC}") = "KFTuling", "xrwang.Tuling\KFTuling.csproj", "{6BEA2279-CF55-42D0-B66C-3EF8F1EFF166}"
EndProject
Project("{FAE04EC0-301F-11D3-BF4B-00C04F79EFBC}") = "KFWeb", "Web\KFWeb.csproj", "{ABEE11A5-D15F-4CBB-A7A4-C2446FDAA74C}"
EndProject
Global
	GlobalSection(SolutionConfigurationPlatforms) = preSolution
		Debug|Any CPU = Debug|Any CPU
		Release|Any CPU = Release|Any CPU
	EndGlobalSection
	GlobalSection(ProjectConfigurationPlatforms) = postSolution
		{EFA87A16-41AE-48BF-AF6D-BFF6EF92B093}.Debug|Any CPU.ActiveCfg = Debug|Any CPU
		{EFA87A16-41AE-48BF-AF6D-BFF6EF92B093}.Debug|Any CPU.Build.0 = Debug|Any CPU
		{EFA87A16-41AE-48BF-AF6D-BFF6EF92B093}.Release|Any CPU.ActiveCfg = Release|Any CPU
		{EFA87A16-41AE-48BF-AF6D-BFF6EF92B093}.Release|Any CPU.Build.0 = Release|Any CPU
		{5706431F-714B-4B4A-8AE0-249B088BBBB2}.Debug|Any CPU.ActiveCfg = Debug|Any CPU
		{5706431F-714B-4B4A-8AE0-249B088BBBB2}.Debug|Any CPU.Build.0 = Debug|Any CPU
		{5706431F-714B-4B4A-8AE0-249B088BBBB2}.Release|Any CPU.ActiveCfg = Release|Any CPU
		{5706431F-714B-4B4A-8AE0-249B088BBBB2}.Release|Any CPU.Build.0 = Release|Any CPU
		{6BEA2279-CF55-42D0-B66C-3EF8F1EFF166}.Debug|Any CPU.ActiveCfg = Debug|Any CPU
		{6BEA2279-CF55-42D0-B66C-3EF8F1EFF166}.Debug|Any CPU.Build.0 = Debug|Any CPU
		{6BEA2279-CF55-42D0-B66C-3EF8F1EFF166}.Release|Any CPU.ActiveCfg = Release|Any CPU
		{6BEA2279-CF55-42D0-B66C-3EF8F1EFF166}.Release|Any CPU.Build.0 = Release|Any CPU
		{ABEE11A5-D15F-4CBB-A7A4-C2446FDAA74C}.Debug|Any CPU.ActiveCfg = Debug|Any CPU
		{ABEE11A5-D15F-4CBB-A7A4-C2446FDAA74C}.Debug|Any CPU.Build.0 = Debug|Any CPU
		{ABEE11A5-D15F-4CBB-A7A4-C2446FDAA74C}.Release|Any CPU.ActiveCfg = Release|Any CPU
		{ABEE11A5-D15F-4CBB-A7A4-C2446FDAA74C}.Release|Any CPU.Build.0 = Release|Any CPU
	EndGlobalSection
	GlobalSection(SolutionProperties) = preSolution
		HideSolutionNode = FALSE
	EndGlobalSection
EndGlobal
